// !$*UTF8*$!
{
	archiveVersion = 1;
	classes = {
	};
	objectVersion = 50;
	objects = {

/* Begin PBXBuildFile section */
		04F3E6C221817CD80014E0B6 /* AppDelegate.swift in Sources */ = {isa = PBXBuildFile; fileRef = 04F3E6C121817CD80014E0B6 /* AppDelegate.swift */; };
		04F3E6C421817CD80014E0B6 /* ViewController.swift in Sources */ = {isa = PBXBuildFile; fileRef = 04F3E6C321817CD80014E0B6 /* ViewController.swift */; };
		04F3E6C721817CD80014E0B6 /* Main.storyboard in Resources */ = {isa = PBXBuildFile; fileRef = 04F3E6C521817CD80014E0B6 /* Main.storyboard */; };
		04F3E6CA21817CD80014E0B6 /* BookARide.xcdatamodeld in Sources */ = {isa = PBXBuildFile; fileRef = 04F3E6C821817CD80014E0B6 /* BookARide.xcdatamodeld */; };
		04F3E6CC21817CDB0014E0B6 /* Assets.xcassets in Resources */ = {isa = PBXBuildFile; fileRef = 04F3E6CB21817CDB0014E0B6 /* Assets.xcassets */; };
		04F3E6CF21817CDB0014E0B6 /* LaunchScreen.storyboard in Resources */ = {isa = PBXBuildFile; fileRef = 04F3E6CD21817CDB0014E0B6 /* LaunchScreen.storyboard */; };
		04F3E6DA21817CDB0014E0B6 /* BookARideTests.swift in Sources */ = {isa = PBXBuildFile; fileRef = 04F3E6D921817CDB0014E0B6 /* BookARideTests.swift */; };
/* End PBXBuildFile section */

/* Begin PBXContainerItemProxy section */
		04F3E6D621817CDB0014E0B6 /* PBXContainerItemProxy */ = {
			isa = PBXContainerItemProxy;
			containerPortal = 04F3E6B621817CD80014E0B6 /* Project object */;
			proxyType = 1;
			remoteGlobalIDString = 04F3E6BD21817CD80014E0B6;
			remoteInfo = BookARide;
		};
/* End PBXContainerItemProxy section */

/* Begin PBXFileReference section */
		04F3E6BE21817CD80014E0B6 /* BookARide.app */ = {isa = PBXFileReference; explicitFileType = wrapper.application; includeInIndex = 0; path = BookARide.app; sourceTree = BUILT_PRODUCTS_DIR; };
		04F3E6C121817CD80014E0B6 /* AppDelegate.swift */ = {isa = PBXFileReference; lastKnownFileType = sourcecode.swift; path = AppDelegate.swift; sourceTree = "<group>"; };
		04F3E6C321817CD80014E0B6 /* ViewController.swift */ = {isa = PBXFileReference; lastKnownFileType = sourcecode.swift; path = ViewController.swift; sourceTree = "<group>"; };
		04F3E6C621817CD80014E0B6 /* Base */ = {isa = PBXFileReference; lastKnownFileType = file.storyboard; name = Base; path = Base.lproj/Main.storyboard; sourceTree = "<group>"; };
		04F3E6C921817CD80014E0B6 /* BookARide.xcdatamodel */ = {isa = PBXFileReference; lastKnownFileType = wrapper.xcdatamodel; path = BookARide.xcdatamodel; sourceTree = "<group>"; };
		04F3E6CB21817CDB0014E0B6 /* Assets.xcassets */ = {isa = PBXFileReference; lastKnownFileType = folder.assetcatalog; path = Assets.xcassets; sourceTree = "<group>"; };
		04F3E6CE21817CDB0014E0B6 /* Base */ = {isa = PBXFileReference; lastKnownFileType = file.storyboard; name = Base; path = Base.lproj/LaunchScreen.storyboard; sourceTree = "<group>"; };
		04F3E6D021817CDB0014E0B6 /* Info.plist */ = {isa = PBXFileReference; lastKnownFileType = text.plist.xml; path = Info.plist; sourceTree = "<group>"; };
		04F3E6D521817CDB0014E0B6 /* BookARideTests.xctest */ = {isa = PBXFileReference; explicitFileType = wrapper.cfbundle; includeInIndex = 0; path = BookARideTests.xctest; sourceTree = BUILT_PRODUCTS_DIR; };
		04F3E6D921817CDB0014E0B6 /* BookARideTests.swift */ = {isa = PBXFileReference; lastKnownFileType = sourcecode.swift; path = BookARideTests.swift; sourceTree = "<group>"; };
		04F3E6DB21817CDB0014E0B6 /* Info.plist */ = {isa = PBXFileReference; lastKnownFileType = text.plist.xml; path = Info.plist; sourceTree = "<group>"; };
/* End PBXFileReference section */

/* Begin PBXFrameworksBuildPhase section */
		04F3E6BB21817CD80014E0B6 /* Frameworks */ = {
			isa = PBXFrameworksBuildPhase;
			buildActionMask = 2147483647;
			files = (
			);
			runOnlyForDeploymentPostprocessing = 0;
		};
		04F3E6D221817CDB0014E0B6 /* Frameworks */ = {
			isa = PBXFrameworksBuildPhase;
			buildActionMask = 2147483647;
			files = (
			);
			runOnlyForDeploymentPostprocessing = 0;
		};
/* End PBXFrameworksBuildPhase section */

/* Begin PBXGroup section */
		04F3E6B521817CD80014E0B6 = {
			isa = PBXGroup;
			children = (
				04F3E6C021817CD80014E0B6 /* BookARide */,
				04F3E6D821817CDB0014E0B6 /* BookARideTests */,
				04F3E6BF21817CD80014E0B6 /* Products */,
			);
			sourceTree = "<group>";
		};
		04F3E6BF21817CD80014E0B6 /* Products */ = {
			isa = PBXGroup;
			children = (
				04F3E6BE21817CD80014E0B6 /* BookARide.app */,
				04F3E6D521817CDB0014E0B6 /* BookARideTests.xctest */,
			);
			name = Products;
			sourceTree = "<group>";
		};
		04F3E6C021817CD80014E0B6 /* BookARide */ = {
			isa = PBXGroup;
			children = (
				04F3E6C121817CD80014E0B6 /* AppDelegate.swift */,
				04F3E6C321817CD80014E0B6 /* ViewController.swift */,
				04F3E6C521817CD80014E0B6 /* Main.storyboard */,
				04F3E6CB21817CDB0014E0B6 /* Assets.xcassets */,
				04F3E6CD21817CDB0014E0B6 /* LaunchScreen.storyboard */,
				04F3E6D021817CDB0014E0B6 /* Info.plist */,
				04F3E6C821817CD80014E0B6 /* BookARide.xcdatamodeld */,
			);
			path = BookARide;
			sourceTree = "<group>";
		};
		04F3E6D821817CDB0014E0B6 /* BookARideTests */ = {
			isa = PBXGroup;
			children = (
				04F3E6D921817CDB0014E0B6 /* BookARideTests.swift */,
				04F3E6DB21817CDB0014E0B6 /* Info.plist */,
			);
			path = BookARideTests;
			sourceTree = "<group>";
		};
/* End PBXGroup section */

/* Begin PBXNativeTarget section */
		04F3E6BD21817CD80014E0B6 /* BookARide */ = {
			isa = PBXNativeTarget;
			buildConfigurationList = 04F3E6DE21817CDB0014E0B6 /* Build configuration list for PBXNativeTarget "BookARide" */;
			buildPhases = (
				04F3E6BA21817CD80014E0B6 /* Sources */,
				04F3E6BB21817CD80014E0B6 /* Frameworks */,
				04F3E6BC21817CD80014E0B6 /* Resources */,
			);
			buildRules = (
			);
			dependencies = (
			);
			name = BookARide;
			productName = BookARide;
			productReference = 04F3E6BE21817CD80014E0B6 /* BookARide.app */;
			productType = "com.apple.product-type.application";
		};
		04F3E6D421817CDB0014E0B6 /* BookARideTests */ = {
			isa = PBXNativeTarget;
			buildConfigurationList = 04F3E6E121817CDB0014E0B6 /* Build configuration list for PBXNativeTarget "BookARideTests" */;
			buildPhases = (
				04F3E6D121817CDB0014E0B6 /* Sources */,
				04F3E6D221817CDB0014E0B6 /* Frameworks */,
				04F3E6D321817CDB0014E0B6 /* Resources */,
			);
			buildRules = (
			);
			dependencies = (
				04F3E6D721817CDB0014E0B6 /* PBXTargetDependency */,
			);
			name = BookARideTests;
			productName = BookARideTests;
			productReference = 04F3E6D521817CDB0014E0B6 /* BookARideTests.xctest */;
			productType = "com.apple.product-type.bundle.unit-test";
		};
/* End PBXNativeTarget section */

/* Begin PBXProject section */
		04F3E6B621817CD80014E0B6 /* Project object */ = {
			isa = PBXProject;
			attributes = {
				LastSwiftUpdateCheck = 1000;
				LastUpgradeCheck = 1000;
				ORGANIZATIONNAME = "Gaurav Rastogi";
				TargetAttributes = {
					04F3E6BD21817CD80014E0B6 = {
						CreatedOnToolsVersion = 10.0;
					};
					04F3E6D421817CDB0014E0B6 = {
						CreatedOnToolsVersion = 10.0;
						TestTargetID = 04F3E6BD21817CD80014E0B6;
					};
				};
			};
			buildConfigurationList = 04F3E6B921817CD80014E0B6 /* Build configuration list for PBXProject "BookARide" */;
			compatibilityVersion = "Xcode 9.3";
			developmentRegion = en;
			hasScannedForEncodings = 0;
			knownRegions = (
				en,
				Base,
			);
			mainGroup = 04F3E6B521817CD80014E0B6;
			productRefGroup = 04F3E6BF21817CD80014E0B6 /* Products */;
			projectDirPath = "";
			projectRoot = "";
			targets = (
				04F3E6BD21817CD80014E0B6 /* BookARide */,
				04F3E6D421817CDB0014E0B6 /* BookARideTests */,
			);
		};
/* End PBXProject section */

/* Begin PBXResourcesBuildPhase section */
		04F3E6BC21817CD80014E0B6 /* Resources */ = {
			isa = PBXResourcesBuildPhase;
			buildActionMask = 2147483647;
			files = (
				04F3E6CF21817CDB0014E0B6 /* LaunchScreen.storyboard in Resources */,
				04F3E6CC21817CDB0014E0B6 /* Assets.xcassets in Resources */,
				04F3E6C721817CD80014E0B6 /* Main.storyboard in Resources */,
			);
			runOnlyForDeploymentPostprocessing = 0;
		};
		04F3E6D321817CDB0014E0B6 /* Resources */ = {
			isa = PBXResourcesBuildPhase;
			buildActionMask = 2147483647;
			files = (
			);
			runOnlyForDeploymentPostprocessing = 0;
		};
/* End PBXResourcesBuildPhase section */

/* Begin PBXSourcesBuildPhase section */
		04F3E6BA21817CD80014E0B6 /* Sources */ = {
			isa = PBXSourcesBuildPhase;
			buildActionMask = 2147483647;
			files = (
				04F3E6CA21817CD80014E0B6 /* BookARide.xcdatamodeld in Sources */,
				04F3E6C421817CD80014E0B6 /* ViewController.swift in Sources */,
				04F3E6C221817CD80014E0B6 /* AppDelegate.swift in Sources */,
			);
			runOnlyForDeploymentPostprocessing = 0;
		};
		04F3E6D121817CDB0014E0B6 /* Sources */ = {
			isa = PBXSourcesBuildPhase;
			buildActionMask = 2147483647;
			files = (
				04F3E6DA21817CDB0014E0B6 /* BookARideTests.swift in Sources */,
			);
			runOnlyForDeploymentPostprocessing = 0;
		};
/* End PBXSourcesBuildPhase section */

/* Begin PBXTargetDependency section */
		04F3E6D721817CDB0014E0B6 /* PBXTargetDependency */ = {
			isa = PBXTargetDependency;
			target = 04F3E6BD21817CD80014E0B6 /* BookARide */;
			targetProxy = 04F3E6D621817CDB0014E0B6 /* PBXContainerItemProxy */;
		};
/* End PBXTargetDependency section */

/* Begin PBXVariantGroup section */
		04F3E6C521817CD80014E0B6 /* Main.storyboard */ = {
			isa = PBXVariantGroup;
			children = (
				04F3E6C621817CD80014E0B6 /* Base */,
			);
			name = Main.storyboard;
			sourceTree = "<group>";
		};
		04F3E6CD21817CDB0014E0B6 /* LaunchScreen.storyboard */ = {
			isa = PBXVariantGroup;
			children = (
				04F3E6CE21817CDB0014E0B6 /* Base */,
			);
			name = LaunchScreen.storyboard;
			sourceTree = "<group>";
		};
/* End PBXVariantGroup section */

/* Begin XCBuildConfiguration section */
		04F3E6DC21817CDB0014E0B6 /* Debug */ = {
			isa = XCBuildConfiguration;
			buildSettings = {
				ALWAYS_SEARCH_USER_PATHS = NO;
				CLANG_ANALYZER_NONNULL = YES;
				CLANG_ANALYZER_NUMBER_OBJECT_CONVERSION = YES_AGGRESSIVE;
				CLANG_CXX_LANGUAGE_STANDARD = "gnu++14";
				CLANG_CXX_LIBRARY = "libc++";
				CLANG_ENABLE_MODULES = YES;
				CLANG_ENABLE_OBJC_ARC = YES;
				CLANG_ENABLE_OBJC_WEAK = YES;
				CLANG_WARN_BLOCK_CAPTURE_AUTORELEASING = YES;
				CLANG_WARN_BOOL_CONVERSION = YES;
				CLANG_WARN_COMMA = YES;
				CLANG_WARN_CONSTANT_CONVERSION = YES;
				CLANG_WARN_DEPRECATED_OBJC_IMPLEMENTATIONS = YES;
				CLANG_WARN_DIRECT_OBJC_ISA_USAGE = YES_ERROR;
				CLANG_WARN_DOCUMENTATION_COMMENTS = YES;
				CLANG_WARN_EMPTY_BODY = YES;
				CLANG_WARN_ENUM_CONVERSION = YES;
				CLANG_WARN_INFINITE_RECURSION = YES;
				CLANG_WARN_INT_CONVERSION = YES;
				CLANG_WARN_NON_LITERAL_NULL_CONVERSION = YES;
				CLANG_WARN_OBJC_IMPLICIT_RETAIN_SELF = YES;
				CLANG_WARN_OBJC_LITERAL_CONVERSION = YES;
				CLANG_WARN_OBJC_ROOT_CLASS = YES_ERROR;
				CLANG_WARN_RANGE_LOOP_ANALYSIS = YES;
				CLANG_WARN_STRICT_PROTOTYPES = YES;
				CLANG_WARN_SUSPICIOUS_MOVE = YES;
				CLANG_WARN_UNGUARDED_AVAILABILITY = YES_AGGRESSIVE;
				CLANG_WARN_UNREACHABLE_CODE = YES;
				CLANG_WARN__DUPLICATE_METHOD_MATCH = YES;
				CODE_SIGN_IDENTITY = "iPhone Developer";
				COPY_PHASE_STRIP = NO;
				DEBUG_INFORMATION_FORMAT = dwarf;
				ENABLE_STRICT_OBJC_MSGSEND = YES;
				ENABLE_TESTABILITY = YES;
				GCC_C_LANGUAGE_STANDARD = gnu11;
				GCC_DYNAMIC_NO_PIC = NO;
				GCC_NO_COMMON_BLOCKS = YES;
				GCC_OPTIMIZATION_LEVEL = 0;
				GCC_PREPROCESSOR_DEFINITIONS = (
					"DEBUG=1",
					"$(inherited)",
				);
				GCC_WARN_64_TO_32_BIT_CONVERSION = YES;
				GCC_WARN_ABOUT_RETURN_TYPE = YES_ERROR;
				GCC_WARN_UNDECLARED_SELECTOR = YES;
				GCC_WARN_UNINITIALIZED_AUTOS = YES_AGGRESSIVE;
				GCC_WARN_UNUSED_FUNCTION = YES;
				GCC_WARN_UNUSED_VARIABLE = YES;
				IPHONEOS_DEPLOYMENT_TARGET = 12.0;
				MTL_ENABLE_DEBUG_INFO = INCLUDE_SOURCE;
				MTL_FAST_MATH = YES;
				ONLY_ACTIVE_ARCH = YES;
				SDKROOT = iphoneos;
				SWIFT_ACTIVE_COMPILATION_CONDITIONS = DEBUG;
				SWIFT_OPTIMIZATION_LEVEL = "-Onone";
			};
			name = Debug;
		};
		04F3E6DD21817CDB0014E0B6 /* Release */ = {
			isa = XCBuildConfiguration;
			buildSettings = {
				ALWAYS_SEARCH_USER_PATHS = NO;
				CLANG_ANALYZER_NONNULL = YES;
				CLANG_ANALYZER_NUMBER_OBJECT_CONVERSION = YES_AGGRESSIVE;
				CLANG_CXX_LANGUAGE_STANDARD = "gnu++14";
				CLANG_CXX_LIBRARY = "libc++";
				CLANG_ENABLE_MODULES = YES;
				CLANG_ENABLE_OBJC_ARC = YES;
				CLANG_ENABLE_OBJC_WEAK = YES;
				CLANG_WARN_BLOCK_CAPTURE_AUTORELEASING = YES;
				CLANG_WARN_BOOL_CONVERSION = YES;
				CLANG_WARN_COMMA = YES;
				CLANG_WARN_CONSTANT_CONVERSION = YES;
				CLANG_WARN_DEPRECATED_OBJC_IMPLEMENTATIONS = YES;
				CLANG_WARN_DIRECT_OBJC_ISA_USAGE = YES_ERROR;
				CLANG_WARN_DOCUMENTATION_COMMENTS = YES;
				CLANG_WARN_EMPTY_BODY = YES;
				CLANG_WARN_ENUM_CONVERSION = YES;
				CLANG_WARN_INFINITE_RECURSION = YES;
				CLANG_WARN_INT_CONVERSION = YES;
				CLANG_WARN_NON_LITERAL_NULL_CONVERSION = YES;
				CLANG_WARN_OBJC_IMPLICIT_RETAIN_SELF = YES;
				CLANG_WARN_OBJC_LITERAL_CONVERSION = YES;
				CLANG_WARN_OBJC_ROOT_CLASS = YES_ERROR;
				CLANG_WARN_RANGE_LOOP_ANALYSIS = YES;
				CLANG_WARN_STRICT_PROTOTYPES = YES;
				CLANG_WARN_SUSPICIOUS_MOVE = YES;
				CLANG_WARN_UNGUARDED_AVAILABILITY = YES_AGGRESSIVE;
				CLANG_WARN_UNREACHABLE_CODE = YES;
				CLANG_WARN__DUPLICATE_METHOD_MATCH = YES;
				CODE_SIGN_IDENTITY = "iPhone Developer";
				COPY_PHASE_STRIP = NO;
				DEBUG_INFORMATION_FORMAT = "dwarf-with-dsym";
				ENABLE_NS_ASSERTIONS = NO;
				ENABLE_STRICT_OBJC_MSGSEND = YES;
				GCC_C_LANGUAGE_STANDARD = gnu11;
				GCC_NO_COMMON_BLOCKS = YES;
				GCC_WARN_64_TO_32_BIT_CONVERSION = YES;
				GCC_WARN_ABOUT_RETURN_TYPE = YES_ERROR;
				GCC_WARN_UNDECLARED_SELECTOR = YES;
				GCC_WARN_UNINITIALIZED_AUTOS = YES_AGGRESSIVE;
				GCC_WARN_UNUSED_FUNCTION = YES;
				GCC_WARN_UNUSED_VARIABLE = YES;
				IPHONEOS_DEPLOYMENT_TARGET = 12.0;
				MTL_ENABLE_DEBUG_INFO = NO;
				MTL_FAST_MATH = YES;
				SDKROOT = iphoneos;
				SWIFT_COMPILATION_MODE = wholemodule;
				SWIFT_OPTIMIZATION_LEVEL = "-O";
				VALIDATE_PRODUCT = YES;
			};
			name = Release;
		};
		04F3E6DF21817CDB0014E0B6 /* Debug */ = {
			isa = XCBuildConfiguration;
			buildSettings = {
				ASSETCATALOG_COMPILER_APPICON_NAME = AppIcon;
				CODE_SIGN_STYLE = Automatic;
				DEVELOPMENT_TEAM = 3KGS48RFQ6;
				INFOPLIST_FILE = BookARide/Info.plist;
				LD_RUNPATH_SEARCH_PATHS = (
					"$(inherited)",
					"@executable_path/Frameworks",
				);
				PRODUCT_BUNDLE_IDENTIFIER = com.rastogigaurav.BookARide;
				PRODUCT_NAME = "$(TARGET_NAME)";
				SWIFT_VERSION = 4.2;
				TARGETED_DEVICE_FAMILY = "1,2";
			};
			name = Debug;
		};
		04F3E6E021817CDB0014E0B6 /* Release */ = {
			isa = XCBuildConfiguration;
			buildSettings = {
				ASSETCATALOG_COMPILER_APPICON_NAME = AppIcon;
				CODE_SIGN_STYLE = Automatic;
				DEVELOPMENT_TEAM = 3KGS48RFQ6;
				INFOPLIST_FILE = BookARide/Info.plist;
				LD_RUNPATH_SEARCH_PATHS = (
					"$(inherited)",
					"@executable_path/Frameworks",
				);
				PRODUCT_BUNDLE_IDENTIFIER = com.rastogigaurav.BookARide;
				PRODUCT_NAME = "$(TARGET_NAME)";
				SWIFT_VERSION = 4.2;
				TARGETED_DEVICE_FAMILY = "1,2";
			};
			name = Release;
		};
		04F3E6E221817CDB0014E0B6 /* Debug */ = {
			isa = XCBuildConfiguration;
			buildSettings = {
				ALWAYS_EMBED_SWIFT_STANDARD_LIBRARIES = YES;
				BUNDLE_LOADER = "$(TEST_HOST)";
				CODE_SIGN_STYLE = Automatic;
				DEVELOPMENT_TEAM = 3KGS48RFQ6;
				INFOPLIST_FILE = BookARideTests/Info.plist;
				LD_RUNPATH_SEARCH_PATHS = (
					"$(inherited)",
					"@executable_path/Frameworks",
					"@loader_path/Frameworks",
				);
				PRODUCT_BUNDLE_IDENTIFIER = com.rastogigaurav.BookARideTests;
				PRODUCT_NAME = "$(TARGET_NAME)";
				SWIFT_VERSION = 4.2;
				TARGETED_DEVICE_FAMILY = "1,2";
				TEST_HOST = "$(BUILT_PRODUCTS_DIR)/BookARide.app/BookARide";
			};
			name = Debug;
		};
		04F3E6E321817CDB0014E0B6 /* Release */ = {
			isa = XCBuildConfiguration;
			buildSettings = {
				ALWAYS_EMBED_SWIFT_STANDARD_LIBRARIES = YES;
				BUNDLE_LOADER = "$(TEST_HOST)";
				CODE_SIGN_STYLE = Automatic;
				DEVELOPMENT_TEAM = 3KGS48RFQ6;
				INFOPLIST_FILE = BookARideTests/Info.plist;
				LD_RUNPATH_SEARCH_PATHS = (
					"$(inherited)",
					"@executable_path/Frameworks",
					"@loader_path/Frameworks",
				);
				PRODUCT_BUNDLE_IDENTIFIER = com.rastogigaurav.BookARideTests;
				PRODUCT_NAME = "$(TARGET_NAME)";
				SWIFT_VERSION = 4.2;
				TARGETED_DEVICE_FAMILY = "1,2";
				TEST_HOST = "$(BUILT_PRODUCTS_DIR)/BookARide.app/BookARide";
			};
			name = Release;
		};
/* End XCBuildConfiguration section */

/* Begin XCConfigurationList section */
		04F3E6B921817CD80014E0B6 /* Build configuration list for PBXProject "BookARide" */ = {
			isa = XCConfigurationList;
			buildConfigurations = (
				04F3E6DC21817CDB0014E0B6 /* Debug */,
				04F3E6DD21817CDB0014E0B6 /* Release */,
			);
			defaultConfigurationIsVisible = 0;
			defaultConfigurationName = Release;
		};
		04F3E6DE21817CDB0014E0B6 /* Build configuration list for PBXNativeTarget "BookARide" */ = {
			isa = XCConfigurationList;
			buildConfigurations = (
				04F3E6DF21817CDB0014E0B6 /* Debug */,
				04F3E6E021817CDB0014E0B6 /* Release */,
			);
			defaultConfigurationIsVisible = 0;
			defaultConfigurationName = Release;
		};
		04F3E6E121817CDB0014E0B6 /* Build configuration list for PBXNativeTarget "BookARideTests" */ = {
			isa = XCConfigurationList;
			buildConfigurations = (
				04F3E6E221817CDB0014E0B6 /* Debug */,
				04F3E6E321817CDB0014E0B6 /* Release */,
			);
			defaultConfigurationIsVisible = 0;
			defaultConfigurationName = Release;
		};
/* End XCConfigurationList section */

/* Begin XCVersionGroup section */
		04F3E6C821817CD80014E0B6 /* BookARide.xcdatamodeld */ = {
			isa = XCVersionGroup;
			children = (
				04F3E6C921817CD80014E0B6 /* BookARide.xcdatamodel */,
			);
			currentVersion = 04F3E6C921817CD80014E0B6 /* BookARide.xcdatamodel */;
			path = BookARide.xcdatamodeld;
			sourceTree = "<group>";
			versionGroupType = wrapper.xcdatamodel;
		};
/* End XCVersionGroup section */
	};
	rootObject = 04F3E6B621817CD80014E0B6 /* Project object */;
}
